DEPENDENCIES
  odi-elasticsearch-wrapper
    path: cookbooks/odi-elasticsearch-wrapper

GRAPH
  apt (2.3.8)
  ark (0.8.0)
  build-essential (2.0.0)
  elasticsearch (0.3.8)
    ark (>= 0.2.4)
    build-essential (>= 0.0.0)
    java (>= 0.0.0)
    monit (>= 0.0.0)
    xml (>= 0.0.0)
  java (1.22.0)
  monit (0.7.1)
  odi-elasticsearch-wrapper (0.1.0)
    apt (>= 0.0.0)
    elasticsearch (>= 0.0.0)
    java (>= 0.0.0)
  xml (1.2.4)
    build-essential (>= 0.0.0)
